
Microsoft Visual Studio Solution File, Format Version 12.00
# Visual Studio 15
VisualStudioVersion = 15.0.28307.572
MinimumVisualStudioVersion = 10.0.40219.1
Project("{FAE04EC0-301F-11D3-BF4B-00C04F79EFBC}") = "1.Queue", "1.Queue\1.Queue.csproj", "{23706E76-24BC-4566-89B4-BB718FD91D5C}"
EndProject
Global
	GlobalSection(SolutionConfigurationPlatforms) = preSolution
		Debug|Any CPU = Debug|Any CPU
		Release|Any CPU = Release|Any CPU
	EndGlobalSection
	GlobalSection(ProjectConfigurationPlatforms) = postSolution
		{23706E76-24BC-4566-89B4-BB718FD91D5C}.Debug|Any CPU.ActiveCfg = Debug|Any CPU
		{23706E76-24BC-4566-89B4-BB718FD91D5C}.Debug|Any CPU.Build.0 = Debug|Any CPU
		{23706E76-24BC-4566-89B4-BB718FD91D5C}.Release|Any CPU.ActiveCfg = Release|Any CPU
		{23706E76-24BC-4566-89B4-BB718FD91D5C}.Release|Any CPU.Build.0 = Release|Any CPU
	EndGlobalSection
	GlobalSection(SolutionProperties) = preSolution
		HideSolutionNode = FALSE
	EndGlobalSection
	GlobalSection(ExtensibilityGlobals) = postSolution
		SolutionGuid = {65815BD9-85AC-493A-A03B-5AE25BAFB432}
	EndGlobalSection
EndGlobal
